
Microsoft Visual Studio Solution File, Format Version 12.00
# Visual Studio Version 17
VisualStudioVersion = 17.14.36202.13 d17.14
MinimumVisualStudioVersion = 10.0.40219.1
Project("{FAE04EC0-301F-11D3-BF4B-00C04F79EFBC}") = "DnD Dice Game", "DnD Dice Game\DnD Dice Game.csproj", "{ED4FC431-4C4B-456F-AA24-0F36A56543EA}"
EndProject
Global
	GlobalSection(SolutionConfigurationPlatforms) = preSolution
		Debug|Any CPU = Debug|Any CPU
		Release|Any CPU = Release|Any CPU
	EndGlobalSection
	GlobalSection(ProjectConfigurationPlatforms) = postSolution
		{ED4FC431-4C4B-456F-AA24-0F36A56543EA}.Debug|Any CPU.ActiveCfg = Debug|Any CPU
		{ED4FC431-4C4B-456F-AA24-0F36A56543EA}.Debug|Any CPU.Build.0 = Debug|Any CPU
		{ED4FC431-4C4B-456F-AA24-0F36A56543EA}.Release|Any CPU.ActiveCfg = Release|Any CPU
		{ED4FC431-4C4B-456F-AA24-0F36A56543EA}.Release|Any CPU.Build.0 = Release|Any CPU
	EndGlobalSection
	GlobalSection(SolutionProperties) = preSolution
		HideSolutionNode = FALSE
	EndGlobalSection
	GlobalSection(ExtensibilityGlobals) = postSolution
		SolutionGuid = {F77B4165-ADED-4A19-93A4-EC305DE17EE7}
	EndGlobalSection
EndGlobal
